
Microsoft Visual Studio Solution File, Format Version 12.00
# Visual Studio 15
VisualStudioVersion = 15.0.27703.2018
MinimumVisualStudioVersion = 10.0.40219.1
Project("{FAE04EC0-301F-11D3-BF4B-00C04F79EFBC}") = "Auctions.Web", "Auctions.Web\Auctions.Web.csproj", "{C3DB7894-C9E9-4B1A-9E81-4BDCD71C2B6D}"
EndProject
Project("{FAE04EC0-301F-11D3-BF4B-00C04F79EFBC}") = "Auctions.Data", "Auctions.Data\Auctions.Data.csproj", "{2DB8EFC9-D7A9-4AA7-9969-3991690D1AF3}"
EndProject
Global
	GlobalSection(SolutionConfigurationPlatforms) = preSolution
		Debug|Any CPU = Debug|Any CPU
		Release|Any CPU = Release|Any CPU
	EndGlobalSection
	GlobalSection(ProjectConfigurationPlatforms) = postSolution
		{C3DB7894-C9E9-4B1A-9E81-4BDCD71C2B6D}.Debug|Any CPU.ActiveCfg = Debug|Any CPU
		{C3DB7894-C9E9-4B1A-9E81-4BDCD71C2B6D}.Debug|Any CPU.Build.0 = Debug|Any CPU
		{C3DB7894-C9E9-4B1A-9E81-4BDCD71C2B6D}.Release|Any CPU.ActiveCfg = Release|Any CPU
		{C3DB7894-C9E9-4B1A-9E81-4BDCD71C2B6D}.Release|Any CPU.Build.0 = Release|Any CPU
		{2DB8EFC9-D7A9-4AA7-9969-3991690D1AF3}.Debug|Any CPU.ActiveCfg = Debug|Any CPU
		{2DB8EFC9-D7A9-4AA7-9969-3991690D1AF3}.Debug|Any CPU.Build.0 = Debug|Any CPU
		{2DB8EFC9-D7A9-4AA7-9969-3991690D1AF3}.Release|Any CPU.ActiveCfg = Release|Any CPU
		{2DB8EFC9-D7A9-4AA7-9969-3991690D1AF3}.Release|Any CPU.Build.0 = Release|Any CPU
	EndGlobalSection
	GlobalSection(SolutionProperties) = preSolution
		HideSolutionNode = FALSE
	EndGlobalSection
	GlobalSection(ExtensibilityGlobals) = postSolution
		SolutionGuid = {BA01B3C3-DE9D-4F4A-AB0D-C678845BAD8E}
	EndGlobalSection
EndGlobal
